# THIS IS AN AUTOGENERATED FILE. DO NOT EDIT THIS FILE DIRECTLY.
# yarn lockfile v1


use-local-storage@^2.3.6:
  version "2.3.6"
  resolved "https://registry.yarnpkg.com/use-local-storage/-/use-local-storage-2.3.6.tgz#11058465143aa7537556af482b21c6b1f77a78a6"
  integrity sha512-OJQHWYbH2M5mMaSY6uYIbfzOm7eVz1fBYFw1wqQurCR2+gQb+FjVt0KzzDAsgTOSEUNVAbaiJ0I4WcNjRn7u5w==
